
Microsoft Visual Studio Solution File, Format Version 12.00
# Visual Studio 2012
Project("{FAE04EC0-301F-11D3-BF4B-00C04F79EFBC}") = "GMAD.NET", "GMAD.NET\GMAD.NET.csproj", "{6576BC48-7E55-445B-9E23-FB7749D88F3D}"
EndProject
Project("{FAE04EC0-301F-11D3-BF4B-00C04F79EFBC}") = "GMAD.NET.UnitTests", "GMAD.NET.UnitTests\GMAD.NET.UnitTests.csproj", "{A4D29A21-D20E-4655-847A-05DB27173F0C}"
EndProject
Project("{FAE04EC0-301F-11D3-BF4B-00C04F79EFBC}") = "GMAD.NET.Frontend", "GMAD.NET.Frontend\GMAD.NET.Frontend.csproj", "{7862157A-0F27-4E55-A2E2-B2D6E8B9D554}"
EndProject
Global
	GlobalSection(SolutionConfigurationPlatforms) = preSolution
		Debug|Any CPU = Debug|Any CPU
		Release|Any CPU = Release|Any CPU
	EndGlobalSection
	GlobalSection(ProjectConfigurationPlatforms) = postSolution
		{6576BC48-7E55-445B-9E23-FB7749D88F3D}.Debug|Any CPU.ActiveCfg = Debug|Any CPU
		{6576BC48-7E55-445B-9E23-FB7749D88F3D}.Debug|Any CPU.Build.0 = Debug|Any CPU
		{6576BC48-7E55-445B-9E23-FB7749D88F3D}.Release|Any CPU.ActiveCfg = Release|Any CPU
		{6576BC48-7E55-445B-9E23-FB7749D88F3D}.Release|Any CPU.Build.0 = Release|Any CPU
		{A4D29A21-D20E-4655-847A-05DB27173F0C}.Debug|Any CPU.ActiveCfg = Debug|Any CPU
		{A4D29A21-D20E-4655-847A-05DB27173F0C}.Debug|Any CPU.Build.0 = Debug|Any CPU
		{A4D29A21-D20E-4655-847A-05DB27173F0C}.Release|Any CPU.ActiveCfg = Release|Any CPU
		{A4D29A21-D20E-4655-847A-05DB27173F0C}.Release|Any CPU.Build.0 = Release|Any CPU
		{7862157A-0F27-4E55-A2E2-B2D6E8B9D554}.Debug|Any CPU.ActiveCfg = Debug|Any CPU
		{7862157A-0F27-4E55-A2E2-B2D6E8B9D554}.Debug|Any CPU.Build.0 = Debug|Any CPU
		{7862157A-0F27-4E55-A2E2-B2D6E8B9D554}.Release|Any CPU.ActiveCfg = Release|Any CPU
		{7862157A-0F27-4E55-A2E2-B2D6E8B9D554}.Release|Any CPU.Build.0 = Release|Any CPU
	EndGlobalSection
	GlobalSection(SolutionProperties) = preSolution
		HideSolutionNode = FALSE
	EndGlobalSection
EndGlobal
